
Microsoft Visual Studio Solution File, Format Version 11.00
# Visual Studio 2010
Project("{8BC9CEB8-8B4A-11D0-8D11-00A0C91BC942}") = "vissynth", "vissynth.vcxproj", "{921F0C38-C536-4DD1-AF44-83994410D10F}"
EndProject
Global
	GlobalSection(SolutionConfigurationPlatforms) = preSolution
		Debug|Win32 = Debug|Win32
		Release|Win32 = Release|Win32
	EndGlobalSection
	GlobalSection(ProjectConfigurationPlatforms) = postSolution
		{921F0C38-C536-4DD1-AF44-83994410D10F}.Debug|Win32.ActiveCfg = Debug|Win32
		{921F0C38-C536-4DD1-AF44-83994410D10F}.Debug|Win32.Build.0 = Debug|Win32
		{921F0C38-C536-4DD1-AF44-83994410D10F}.Release|Win32.ActiveCfg = Release|Win32
		{921F0C38-C536-4DD1-AF44-83994410D10F}.Release|Win32.Build.0 = Release|Win32
	EndGlobalSection
	GlobalSection(SolutionProperties) = preSolution
		HideSolutionNode = FALSE
	EndGlobalSection
EndGlobal
